
Microsoft Visual Studio Solution File, Format Version 12.00
# Visual Studio Version 17
VisualStudioVersion = 17.13.35825.156 d17.13
MinimumVisualStudioVersion = 10.0.40219.1
Project("{FAE04EC0-301F-11D3-BF4B-00C04F79EFBC}") = "EmployeeAPI", "EmployeeAPI.csproj", "{5BDBD616-202C-4BE1-82F6-902E990D9A73}"
EndProject
Project("{FAE04EC0-301F-11D3-BF4B-00C04F79EFBC}") = "EmployeeMVCApp", "..\EmployeeMVCApp\EmployeeMVCApp.csproj", "{F5F4AC01-37FD-C961-95F4-73CD7C79BF18}"
EndProject
Global
	GlobalSection(SolutionConfigurationPlatforms) = preSolution
		Debug|Any CPU = Debug|Any CPU
		Release|Any CPU = Release|Any CPU
	EndGlobalSection
	GlobalSection(ProjectConfigurationPlatforms) = postSolution
		{5BDBD616-202C-4BE1-82F6-902E990D9A73}.Debug|Any CPU.ActiveCfg = Debug|Any CPU
		{5BDBD616-202C-4BE1-82F6-902E990D9A73}.Debug|Any CPU.Build.0 = Debug|Any CPU
		{5BDBD616-202C-4BE1-82F6-902E990D9A73}.Release|Any CPU.ActiveCfg = Release|Any CPU
		{5BDBD616-202C-4BE1-82F6-902E990D9A73}.Release|Any CPU.Build.0 = Release|Any CPU
		{F5F4AC01-37FD-C961-95F4-73CD7C79BF18}.Debug|Any CPU.ActiveCfg = Debug|Any CPU
		{F5F4AC01-37FD-C961-95F4-73CD7C79BF18}.Debug|Any CPU.Build.0 = Debug|Any CPU
		{F5F4AC01-37FD-C961-95F4-73CD7C79BF18}.Release|Any CPU.ActiveCfg = Release|Any CPU
		{F5F4AC01-37FD-C961-95F4-73CD7C79BF18}.Release|Any CPU.Build.0 = Release|Any CPU
	EndGlobalSection
	GlobalSection(SolutionProperties) = preSolution
		HideSolutionNode = FALSE
	EndGlobalSection
	GlobalSection(ExtensibilityGlobals) = postSolution
		SolutionGuid = {E88CD3DA-A444-4E39-B82F-402003D0A5D9}
	EndGlobalSection
EndGlobal
